
Microsoft Visual Studio Solution File, Format Version 12.00
# Visual Studio Version 17
VisualStudioVersion = 17.0.31903.59
MinimumVisualStudioVersion = 10.0.40219.1
Project("{FAE04EC0-301F-11D3-BF4B-00C04F79EFBC}") = "WebFake", "WebFake\WebFake.csproj", "{F73DCB66-C172-44C6-AA0C-CAA258F5101F}"
EndProject
Project("{FAE04EC0-301F-11D3-BF4B-00C04F79EFBC}") = "Tests.WebFake", "Tests.WebFake\Tests.WebFake.csproj", "{DED696F0-E861-41BE-853E-B585287FC7EB}"
EndProject
Project("{FAE04EC0-301F-11D3-BF4B-00C04F79EFBC}") = "WebFakeApi", "WebFakeApi\WebFakeApi.csproj", "{4938BC2D-2216-4FD8-BCDD-0998BAE1319C}"
EndProject
Project("{FAE04EC0-301F-11D3-BF4B-00C04F79EFBC}") = "OneOff", "OneOff\OneOff.csproj", "{8D2C37B2-103F-427C-BF70-19ED4EA14969}"
EndProject
Global
	GlobalSection(SolutionConfigurationPlatforms) = preSolution
		Debug|Any CPU = Debug|Any CPU
		Release|Any CPU = Release|Any CPU
	EndGlobalSection
	GlobalSection(SolutionProperties) = preSolution
		HideSolutionNode = FALSE
	EndGlobalSection
	GlobalSection(ProjectConfigurationPlatforms) = postSolution
		{F73DCB66-C172-44C6-AA0C-CAA258F5101F}.Debug|Any CPU.ActiveCfg = Debug|Any CPU
		{F73DCB66-C172-44C6-AA0C-CAA258F5101F}.Debug|Any CPU.Build.0 = Debug|Any CPU
		{F73DCB66-C172-44C6-AA0C-CAA258F5101F}.Release|Any CPU.ActiveCfg = Release|Any CPU
		{F73DCB66-C172-44C6-AA0C-CAA258F5101F}.Release|Any CPU.Build.0 = Release|Any CPU
		{DED696F0-E861-41BE-853E-B585287FC7EB}.Debug|Any CPU.ActiveCfg = Debug|Any CPU
		{DED696F0-E861-41BE-853E-B585287FC7EB}.Debug|Any CPU.Build.0 = Debug|Any CPU
		{DED696F0-E861-41BE-853E-B585287FC7EB}.Release|Any CPU.ActiveCfg = Release|Any CPU
		{DED696F0-E861-41BE-853E-B585287FC7EB}.Release|Any CPU.Build.0 = Release|Any CPU
		{4938BC2D-2216-4FD8-BCDD-0998BAE1319C}.Debug|Any CPU.ActiveCfg = Debug|Any CPU
		{4938BC2D-2216-4FD8-BCDD-0998BAE1319C}.Debug|Any CPU.Build.0 = Debug|Any CPU
		{4938BC2D-2216-4FD8-BCDD-0998BAE1319C}.Release|Any CPU.ActiveCfg = Release|Any CPU
		{4938BC2D-2216-4FD8-BCDD-0998BAE1319C}.Release|Any CPU.Build.0 = Release|Any CPU
		{8D2C37B2-103F-427C-BF70-19ED4EA14969}.Debug|Any CPU.ActiveCfg = Debug|Any CPU
		{8D2C37B2-103F-427C-BF70-19ED4EA14969}.Debug|Any CPU.Build.0 = Debug|Any CPU
		{8D2C37B2-103F-427C-BF70-19ED4EA14969}.Release|Any CPU.ActiveCfg = Release|Any CPU
		{8D2C37B2-103F-427C-BF70-19ED4EA14969}.Release|Any CPU.Build.0 = Release|Any CPU
	EndGlobalSection
EndGlobal
